
Microsoft Visual Studio Solution File, Format Version 12.00
# Visual Studio 14
VisualStudioVersion = 14.0.25420.1
MinimumVisualStudioVersion = 10.0.40219.1
Project("{FAE04EC0-301F-11D3-BF4B-00C04F79EFBC}") = "Kaczorek.BL", "Kaczorek.BL\Kaczorek.BL.csproj", "{64FC48F6-56D4-4750-88CA-16FEE224A9CC}"
EndProject
Project("{2150E333-8FDC-42A3-9474-1A3956D46DE8}") = "Testy", "Testy", "{2586278F-4212-46E4-BEAE-F37A5D05418A}"
EndProject
Project("{FAE04EC0-301F-11D3-BF4B-00C04F79EFBC}") = "Kaczorek.BL.Test", "UnitTestProject1\Kaczorek.BL.Test.csproj", "{A43FCFAE-4410-4CCA-85B9-1C1B0A1575F8}"
EndProject
Global
	GlobalSection(SolutionConfigurationPlatforms) = preSolution
		Debug|Any CPU = Debug|Any CPU
		Release|Any CPU = Release|Any CPU
	EndGlobalSection
	GlobalSection(ProjectConfigurationPlatforms) = postSolution
		{64FC48F6-56D4-4750-88CA-16FEE224A9CC}.Debug|Any CPU.ActiveCfg = Debug|Any CPU
		{64FC48F6-56D4-4750-88CA-16FEE224A9CC}.Debug|Any CPU.Build.0 = Debug|Any CPU
		{64FC48F6-56D4-4750-88CA-16FEE224A9CC}.Release|Any CPU.ActiveCfg = Release|Any CPU
		{64FC48F6-56D4-4750-88CA-16FEE224A9CC}.Release|Any CPU.Build.0 = Release|Any CPU
		{A43FCFAE-4410-4CCA-85B9-1C1B0A1575F8}.Debug|Any CPU.ActiveCfg = Debug|Any CPU
		{A43FCFAE-4410-4CCA-85B9-1C1B0A1575F8}.Debug|Any CPU.Build.0 = Debug|Any CPU
		{A43FCFAE-4410-4CCA-85B9-1C1B0A1575F8}.Release|Any CPU.ActiveCfg = Release|Any CPU
		{A43FCFAE-4410-4CCA-85B9-1C1B0A1575F8}.Release|Any CPU.Build.0 = Release|Any CPU
	EndGlobalSection
	GlobalSection(SolutionProperties) = preSolution
		HideSolutionNode = FALSE
	EndGlobalSection
	GlobalSection(NestedProjects) = preSolution
		{A43FCFAE-4410-4CCA-85B9-1C1B0A1575F8} = {2586278F-4212-46E4-BEAE-F37A5D05418A}
	EndGlobalSection
EndGlobal
